// !$*UTF8*$!
{
	archiveVersion = 1;
	classes = {
	};
	objectVersion = 46;
	objects = {

/* Begin PBXBuildFile section */
		848431C11EA9E70500501150 /* AppDelegate.swift in Sources */ = {isa = PBXBuildFile; fileRef = 848431C01EA9E70500501150 /* AppDelegate.swift */; };
		848431C31EA9E70500501150 /* ViewController.swift in Sources */ = {isa = PBXBuildFile; fileRef = 848431C21EA9E70500501150 /* ViewController.swift */; };
		848431C61EA9E70500501150 /* Main.storyboard in Resources */ = {isa = PBXBuildFile; fileRef = 848431C41EA9E70500501150 /* Main.storyboard */; };
		848431C91EA9E70500501150 /* test.xcdatamodeld in Sources */ = {isa = PBXBuildFile; fileRef = 848431C71EA9E70500501150 /* test.xcdatamodeld */; };
		848431CB1EA9E70500501150 /* Assets.xcassets in Resources */ = {isa = PBXBuildFile; fileRef = 848431CA1EA9E70500501150 /* Assets.xcassets */; };
		848431CE1EA9E70500501150 /* LaunchScreen.storyboard in Resources */ = {isa = PBXBuildFile; fileRef = 848431CC1EA9E70500501150 /* LaunchScreen.storyboard */; };
		848431D91EA9E70500501150 /* testTests.swift in Sources */ = {isa = PBXBuildFile; fileRef = 848431D81EA9E70500501150 /* testTests.swift */; };
		848431E41EA9E70500501150 /* testUITests.swift in Sources */ = {isa = PBXBuildFile; fileRef = 848431E31EA9E70500501150 /* testUITests.swift */; };
/* End PBXBuildFile section */

/* Begin PBXContainerItemProxy section */
		848431D51EA9E70500501150 /* PBXContainerItemProxy */ = {
			isa = PBXContainerItemProxy;
			containerPortal = 848431B51EA9E70500501150 /* Project object */;
			proxyType = 1;
			remoteGlobalIDString = 848431BC1EA9E70500501150;
			remoteInfo = test;
		};
		848431E01EA9E70500501150 /* PBXContainerItemProxy */ = {
			isa = PBXContainerItemProxy;
			containerPortal = 848431B51EA9E70500501150 /* Project object */;
			proxyType = 1;
			remoteGlobalIDString = 848431BC1EA9E70500501150;
			remoteInfo = test;
		};
/* End PBXContainerItemProxy section */

/* Begin PBXFileReference section */
		848431BD1EA9E70500501150 /* test.app */ = {isa = PBXFileReference; explicitFileType = wrapper.application; includeInIndex = 0; path = test.app; sourceTree = BUILT_PRODUCTS_DIR; };
		848431C01EA9E70500501150 /* AppDelegate.swift */ = {isa = PBXFileReference; lastKnownFileType = sourcecode.swift; path = AppDelegate.swift; sourceTree = "<group>"; };
		848431C21EA9E70500501150 /* ViewController.swift */ = {isa = PBXFileReference; lastKnownFileType = sourcecode.swift; path = ViewController.swift; sourceTree = "<group>"; };
		848431C51EA9E70500501150 /* Base */ = {isa = PBXFileReference; lastKnownFileType = file.storyboard; name = Base; path = Base.lproj/Main.storyboard; sourceTree = "<group>"; };
		848431C81EA9E70500501150 /* test.xcdatamodel */ = {isa = PBXFileReference; lastKnownFileType = wrapper.xcdatamodel; path = test.xcdatamodel; sourceTree = "<group>"; };
		848431CA1EA9E70500501150 /* Assets.xcassets */ = {isa = PBXFileReference; lastKnownFileType = folder.assetcatalog; path = Assets.xcassets; sourceTree = "<group>"; };
		848431CD1EA9E70500501150 /* Base */ = {isa = PBXFileReference; lastKnownFileType = file.storyboard; name = Base; path = Base.lproj/LaunchScreen.storyboard; sourceTree = "<group>"; };
		848431CF1EA9E70500501150 /* Info.plist */ = {isa = PBXFileReference; lastKnownFileType = text.plist.xml; path = Info.plist; sourceTree = "<group>"; };
		848431D41EA9E70500501150 /* testTests.xctest */ = {isa = PBXFileReference; explicitFileType = wrapper.cfbundle; includeInIndex = 0; path = testTests.xctest; sourceTree = BUILT_PRODUCTS_DIR; };
		848431D81EA9E70500501150 /* testTests.swift */ = {isa = PBXFileReference; lastKnownFileType = sourcecode.swift; path = testTests.swift; sourceTree = "<group>"; };
		848431DA1EA9E70500501150 /* Info.plist */ = {isa = PBXFileReference; lastKnownFileType = text.plist.xml; path = Info.plist; sourceTree = "<group>"; };
		848431DF1EA9E70500501150 /* testUITests.xctest */ = {isa = PBXFileReference; explicitFileType = wrapper.cfbundle; includeInIndex = 0; path = testUITests.xctest; sourceTree = BUILT_PRODUCTS_DIR; };
		848431E31EA9E70500501150 /* testUITests.swift */ = {isa = PBXFileReference; lastKnownFileType = sourcecode.swift; path = testUITests.swift; sourceTree = "<group>"; };
		848431E51EA9E70500501150 /* Info.plist */ = {isa = PBXFileReference; lastKnownFileType = text.plist.xml; path = Info.plist; sourceTree = "<group>"; };
/* End PBXFileReference section */

/* Begin PBXFrameworksBuildPhase section */
		848431BA1EA9E70500501150 /* Frameworks */ = {
			isa = PBXFrameworksBuildPhase;
			buildActionMask = 2147483647;
			files = (
			);
			runOnlyForDeploymentPostprocessing = 0;
		};
		848431D11EA9E70500501150 /* Frameworks */ = {
			isa = PBXFrameworksBuildPhase;
			buildActionMask = 2147483647;
			files = (
			);
			runOnlyForDeploymentPostprocessing = 0;
		};
		848431DC1EA9E70500501150 /* Frameworks */ = {
			isa = PBXFrameworksBuildPhase;
			buildActionMask = 2147483647;
			files = (
			);
			runOnlyForDeploymentPostprocessing = 0;
		};
/* End PBXFrameworksBuildPhase section */

/* Begin PBXGroup section */
		848431B41EA9E70500501150 = {
			isa = PBXGroup;
			children = (
				848431BF1EA9E70500501150 /* test */,
				848431D71EA9E70500501150 /* testTests */,
				848431E21EA9E70500501150 /* testUITests */,
				848431BE1EA9E70500501150 /* Products */,
			);
			sourceTree = "<group>";
		};
		848431BE1EA9E70500501150 /* Products */ = {
			isa = PBXGroup;
			children = (
				848431BD1EA9E70500501150 /* test.app */,
				848431D41EA9E70500501150 /* testTests.xctest */,
				848431DF1EA9E70500501150 /* testUITests.xctest */,
			);
			name = Products;
			sourceTree = "<group>";
		};
		848431BF1EA9E70500501150 /* test */ = {
			isa = PBXGroup;
			children = (
				848431C01EA9E70500501150 /* AppDelegate.swift */,
				848431C21EA9E70500501150 /* ViewController.swift */,
				848431C41EA9E70500501150 /* Main.storyboard */,
				848431CA1EA9E70500501150 /* Assets.xcassets */,
				848431CC1EA9E70500501150 /* LaunchScreen.storyboard */,
				848431CF1EA9E70500501150 /* Info.plist */,
				848431C71EA9E70500501150 /* test.xcdatamodeld */,
			);
			path = test;
			sourceTree = "<group>";
		};
		848431D71EA9E70500501150 /* testTests */ = {
			isa = PBXGroup;
			children = (
				848431D81EA9E70500501150 /* testTests.swift */,
				848431DA1EA9E70500501150 /* Info.plist */,
			);
			path = testTests;
			sourceTree = "<group>";
		};
		848431E21EA9E70500501150 /* testUITests */ = {
			isa = PBXGroup;
			children = (
				848431E31EA9E70500501150 /* testUITests.swift */,
				848431E51EA9E70500501150 /* Info.plist */,
			);
			path = testUITests;
			sourceTree = "<group>";
		};
/* End PBXGroup section */

/* Begin PBXNativeTarget section */
		848431BC1EA9E70500501150 /* test */ = {
			isa = PBXNativeTarget;
			buildConfigurationList = 848431E81EA9E70500501150 /* Build configuration list for PBXNativeTarget "test" */;
			buildPhases = (
				848431B91EA9E70500501150 /* Sources */,
				848431BA1EA9E70500501150 /* Frameworks */,
				848431BB1EA9E70500501150 /* Resources */,
			);
			buildRules = (
			);
			dependencies = (
			);
			name = test;
			productName = test;
			productReference = 848431BD1EA9E70500501150 /* test.app */;
			productType = "com.apple.product-type.application";
		};
		848431D31EA9E70500501150 /* testTests */ = {
			isa = PBXNativeTarget;
			buildConfigurationList = 848431EB1EA9E70500501150 /* Build configuration list for PBXNativeTarget "testTests" */;
			buildPhases = (
				848431D01EA9E70500501150 /* Sources */,
				848431D11EA9E70500501150 /* Frameworks */,
				848431D21EA9E70500501150 /* Resources */,
			);
			buildRules = (
			);
			dependencies = (
				848431D61EA9E70500501150 /* PBXTargetDependency */,
			);
			name = testTests;
			productName = testTests;
			productReference = 848431D41EA9E70500501150 /* testTests.xctest */;
			productType = "com.apple.product-type.bundle.unit-test";
		};
		848431DE1EA9E70500501150 /* testUITests */ = {
			isa = PBXNativeTarget;
			buildConfigurationList = 848431EE1EA9E70500501150 /* Build configuration list for PBXNativeTarget "testUITests" */;
			buildPhases = (
				848431DB1EA9E70500501150 /* Sources */,
				848431DC1EA9E70500501150 /* Frameworks */,
				848431DD1EA9E70500501150 /* Resources */,
			);
			buildRules = (
			);
			dependencies = (
				848431E11EA9E70500501150 /* PBXTargetDependency */,
			);
			name = testUITests;
			productName = testUITests;
			productReference = 848431DF1EA9E70500501150 /* testUITests.xctest */;
			productType = "com.apple.product-type.bundle.ui-testing";
		};
/* End PBXNativeTarget section */

/* Begin PBXProject section */
		848431B51EA9E70500501150 /* Project object */ = {
			isa = PBXProject;
			attributes = {
				LastSwiftUpdateCheck = 0830;
				LastUpgradeCheck = 0830;
				ORGANIZATIONNAME = garon;
				TargetAttributes = {
					848431BC1EA9E70500501150 = {
						CreatedOnToolsVersion = 8.3.2;
						ProvisioningStyle = Automatic;
					};
					848431D31EA9E70500501150 = {
						CreatedOnToolsVersion = 8.3.2;
						ProvisioningStyle = Automatic;
						TestTargetID = 848431BC1EA9E70500501150;
					};
					848431DE1EA9E70500501150 = {
						CreatedOnToolsVersion = 8.3.2;
						ProvisioningStyle = Automatic;
						TestTargetID = 848431BC1EA9E70500501150;
					};
				};
			};
			buildConfigurationList = 848431B81EA9E70500501150 /* Build configuration list for PBXProject "test" */;
			compatibilityVersion = "Xcode 3.2";
			developmentRegion = English;
			hasScannedForEncodings = 0;
			knownRegions = (
				en,
				Base,
			);
			mainGroup = 848431B41EA9E70500501150;
			productRefGroup = 848431BE1EA9E70500501150 /* Products */;
			projectDirPath = "";
			projectRoot = "";
			targets = (
				848431BC1EA9E70500501150 /* test */,
				848431D31EA9E70500501150 /* testTests */,
				848431DE1EA9E70500501150 /* testUITests */,
			);
		};
/* End PBXProject section */

/* Begin PBXResourcesBuildPhase section */
		848431BB1EA9E70500501150 /* Resources */ = {
			isa = PBXResourcesBuildPhase;
			buildActionMask = 2147483647;
			files = (
				848431CE1EA9E70500501150 /* LaunchScreen.storyboard in Resources */,
				848431CB1EA9E70500501150 /* Assets.xcassets in Resources */,
				848431C61EA9E70500501150 /* Main.storyboard in Resources */,
			);
			runOnlyForDeploymentPostprocessing = 0;
		};
		848431D21EA9E70500501150 /* Resources */ = {
			isa = PBXResourcesBuildPhase;
			buildActionMask = 2147483647;
			files = (
			);
			runOnlyForDeploymentPostprocessing = 0;
		};
		848431DD1EA9E70500501150 /* Resources */ = {
			isa = PBXResourcesBuildPhase;
			buildActionMask = 2147483647;
			files = (
			);
			runOnlyForDeploymentPostprocessing = 0;
		};
/* End PBXResourcesBuildPhase section */

/* Begin PBXSourcesBuildPhase section */
		848431B91EA9E70500501150 /* Sources */ = {
			isa = PBXSourcesBuildPhase;
			buildActionMask = 2147483647;
			files = (
				848431C31EA9E70500501150 /* ViewController.swift in Sources */,
				848431C11EA9E70500501150 /* AppDelegate.swift in Sources */,
				848431C91EA9E70500501150 /* test.xcdatamodeld in Sources */,
			);
			runOnlyForDeploymentPostprocessing = 0;
		};
		848431D01EA9E70500501150 /* Sources */ = {
			isa = PBXSourcesBuildPhase;
			buildActionMask = 2147483647;
			files = (
				848431D91EA9E70500501150 /* testTests.swift in Sources */,
			);
			runOnlyForDeploymentPostprocessing = 0;
		};
		848431DB1EA9E70500501150 /* Sources */ = {
			isa = PBXSourcesBuildPhase;
			buildActionMask = 2147483647;
			files = (
				848431E41EA9E70500501150 /* testUITests.swift in Sources */,
			);
			runOnlyForDeploymentPostprocessing = 0;
		};
/* End PBXSourcesBuildPhase section */

/* Begin PBXTargetDependency section */
		848431D61EA9E70500501150 /* PBXTargetDependency */ = {
			isa = PBXTargetDependency;
			target = 848431BC1EA9E70500501150 /* test */;
			targetProxy = 848431D51EA9E70500501150 /* PBXContainerItemProxy */;
		};
		848431E11EA9E70500501150 /* PBXTargetDependency */ = {
			isa = PBXTargetDependency;
			target = 848431BC1EA9E70500501150 /* test */;
			targetProxy = 848431E01EA9E70500501150 /* PBXContainerItemProxy */;
		};
/* End PBXTargetDependency section */

/* Begin PBXVariantGroup section */
		848431C41EA9E70500501150 /* Main.storyboard */ = {
			isa = PBXVariantGroup;
			children = (
				848431C51EA9E70500501150 /* Base */,
			);
			name = Main.storyboard;
			sourceTree = "<group>";
		};
		848431CC1EA9E70500501150 /* LaunchScreen.storyboard */ = {
			isa = PBXVariantGroup;
			children = (
				848431CD1EA9E70500501150 /* Base */,
			);
			name = LaunchScreen.storyboard;
			sourceTree = "<group>";
		};
/* End PBXVariantGroup section */

/* Begin XCBuildConfiguration section */
		848431E61EA9E70500501150 /* Debug */ = {
			isa = XCBuildConfiguration;
			buildSettings = {
				ALWAYS_SEARCH_USER_PATHS = NO;
				CLANG_ANALYZER_NONNULL = YES;
				CLANG_ANALYZER_NUMBER_OBJECT_CONVERSION = YES_AGGRESSIVE;
				CLANG_CXX_LANGUAGE_STANDARD = "gnu++0x";
				CLANG_CXX_LIBRARY = "libc++";
				CLANG_ENABLE_MODULES = YES;
				CLANG_ENABLE_OBJC_ARC = YES;
				CLANG_WARN_BOOL_CONVERSION = YES;
				CLANG_WARN_CONSTANT_CONVERSION = YES;
				CLANG_WARN_DIRECT_OBJC_ISA_USAGE = YES_ERROR;
				CLANG_WARN_DOCUMENTATION_COMMENTS = YES;
				CLANG_WARN_EMPTY_BODY = YES;
				CLANG_WARN_ENUM_CONVERSION = YES;
				CLANG_WARN_INFINITE_RECURSION = YES;
				CLANG_WARN_INT_CONVERSION = YES;
				CLANG_WARN_OBJC_ROOT_CLASS = YES_ERROR;
				CLANG_WARN_SUSPICIOUS_MOVE = YES;
				CLANG_WARN_UNREACHABLE_CODE = YES;
				CLANG_WARN__DUPLICATE_METHOD_MATCH = YES;
				"CODE_SIGN_IDENTITY[sdk=iphoneos*]" = "iPhone Developer";
				COPY_PHASE_STRIP = NO;
				DEBUG_INFORMATION_FORMAT = dwarf;
				ENABLE_STRICT_OBJC_MSGSEND = YES;
				ENABLE_TESTABILITY = YES;
				GCC_C_LANGUAGE_STANDARD = gnu99;
				GCC_DYNAMIC_NO_PIC = NO;
				GCC_NO_COMMON_BLOCKS = YES;
				GCC_OPTIMIZATION_LEVEL = 0;
				GCC_PREPROCESSOR_DEFINITIONS = (
					"DEBUG=1",
					"$(inherited)",
				);
				GCC_WARN_64_TO_32_BIT_CONVERSION = YES;
				GCC_WARN_ABOUT_RETURN_TYPE = YES_ERROR;
				GCC_WARN_UNDECLARED_SELECTOR = YES;
				GCC_WARN_UNINITIALIZED_AUTOS = YES_AGGRESSIVE;
				GCC_WARN_UNUSED_FUNCTION = YES;
				GCC_WARN_UNUSED_VARIABLE = YES;
				IPHONEOS_DEPLOYMENT_TARGET = 10.3;
				MTL_ENABLE_DEBUG_INFO = YES;
				ONLY_ACTIVE_ARCH = YES;
				SDKROOT = iphoneos;
				SWIFT_ACTIVE_COMPILATION_CONDITIONS = DEBUG;
				SWIFT_OPTIMIZATION_LEVEL = "-Onone";
				TARGETED_DEVICE_FAMILY = "1,2";
			};
			name = Debug;
		};
		848431E71EA9E70500501150 /* Release */ = {
			isa = XCBuildConfiguration;
			buildSettings = {
				ALWAYS_SEARCH_USER_PATHS = NO;
				CLANG_ANALYZER_NONNULL = YES;
				CLANG_ANALYZER_NUMBER_OBJECT_CONVERSION = YES_AGGRESSIVE;
				CLANG_CXX_LANGUAGE_STANDARD = "gnu++0x";
				CLANG_CXX_LIBRARY = "libc++";
				CLANG_ENABLE_MODULES = YES;
				CLANG_ENABLE_OBJC_ARC = YES;
				CLANG_WARN_BOOL_CONVERSION = YES;
				CLANG_WARN_CONSTANT_CONVERSION = YES;
				CLANG_WARN_DIRECT_OBJC_ISA_USAGE = YES_ERROR;
				CLANG_WARN_DOCUMENTATION_COMMENTS = YES;
				CLANG_WARN_EMPTY_BODY = YES;
				CLANG_WARN_ENUM_CONVERSION = YES;
				CLANG_WARN_INFINITE_RECURSION = YES;
				CLANG_WARN_INT_CONVERSION = YES;
				CLANG_WARN_OBJC_ROOT_CLASS = YES_ERROR;
				CLANG_WARN_SUSPICIOUS_MOVE = YES;
				CLANG_WARN_UNREACHABLE_CODE = YES;
				CLANG_WARN__DUPLICATE_METHOD_MATCH = YES;
				"CODE_SIGN_IDENTITY[sdk=iphoneos*]" = "iPhone Developer";
				COPY_PHASE_STRIP = NO;
				DEBUG_INFORMATION_FORMAT = "dwarf-with-dsym";
				ENABLE_NS_ASSERTIONS = NO;
				ENABLE_STRICT_OBJC_MSGSEND = YES;
				GCC_C_LANGUAGE_STANDARD = gnu99;
				GCC_NO_COMMON_BLOCKS = YES;
				GCC_WARN_64_TO_32_BIT_CONVERSION = YES;
				GCC_WARN_ABOUT_RETURN_TYPE = YES_ERROR;
				GCC_WARN_UNDECLARED_SELECTOR = YES;
				GCC_WARN_UNINITIALIZED_AUTOS = YES_AGGRESSIVE;
				GCC_WARN_UNUSED_FUNCTION = YES;
				GCC_WARN_UNUSED_VARIABLE = YES;
				IPHONEOS_DEPLOYMENT_TARGET = 10.3;
				MTL_ENABLE_DEBUG_INFO = NO;
				SDKROOT = iphoneos;
				SWIFT_OPTIMIZATION_LEVEL = "-Owholemodule";
				TARGETED_DEVICE_FAMILY = "1,2";
				VALIDATE_PRODUCT = YES;
			};
			name = Release;
		};
		848431E91EA9E70500501150 /* Debug */ = {
			isa = XCBuildConfiguration;
			buildSettings = {
				ASSETCATALOG_COMPILER_APPICON_NAME = AppIcon;
				INFOPLIST_FILE = test/Info.plist;
				LD_RUNPATH_SEARCH_PATHS = "$(inherited) @executable_path/Frameworks";
				PRODUCT_BUNDLE_IDENTIFIER = garon.test;
				PRODUCT_NAME = "$(TARGET_NAME)";
				SWIFT_VERSION = 3.0;
			};
			name = Debug;
		};
		848431EA1EA9E70500501150 /* Release */ = {
			isa = XCBuildConfiguration;
			buildSettings = {
				ASSETCATALOG_COMPILER_APPICON_NAME = AppIcon;
				INFOPLIST_FILE = test/Info.plist;
				LD_RUNPATH_SEARCH_PATHS = "$(inherited) @executable_path/Frameworks";
				PRODUCT_BUNDLE_IDENTIFIER = garon.test;
				PRODUCT_NAME = "$(TARGET_NAME)";
				SWIFT_VERSION = 3.0;
			};
			name = Release;
		};
		848431EC1EA9E70500501150 /* Debug */ = {
			isa = XCBuildConfiguration;
			buildSettings = {
				ALWAYS_EMBED_SWIFT_STANDARD_LIBRARIES = YES;
				BUNDLE_LOADER = "$(TEST_HOST)";
				INFOPLIST_FILE = testTests/Info.plist;
				LD_RUNPATH_SEARCH_PATHS = "$(inherited) @executable_path/Frameworks @loader_path/Frameworks";
				PRODUCT_BUNDLE_IDENTIFIER = garon.testTests;
				PRODUCT_NAME = "$(TARGET_NAME)";
				SWIFT_VERSION = 3.0;
				TEST_HOST = "$(BUILT_PRODUCTS_DIR)/test.app/test";
			};
			name = Debug;
		};
		848431ED1EA9E70500501150 /* Release */ = {
			isa = XCBuildConfiguration;
			buildSettings = {
				ALWAYS_EMBED_SWIFT_STANDARD_LIBRARIES = YES;
				BUNDLE_LOADER = "$(TEST_HOST)";
				INFOPLIST_FILE = testTests/Info.plist;
				LD_RUNPATH_SEARCH_PATHS = "$(inherited) @executable_path/Frameworks @loader_path/Frameworks";
				PRODUCT_BUNDLE_IDENTIFIER = garon.testTests;
				PRODUCT_NAME = "$(TARGET_NAME)";
				SWIFT_VERSION = 3.0;
				TEST_HOST = "$(BUILT_PRODUCTS_DIR)/test.app/test";
			};
			name = Release;
		};
		848431EF1EA9E70500501150 /* Debug */ = {
			isa = XCBuildConfiguration;
			buildSettings = {
				ALWAYS_EMBED_SWIFT_STANDARD_LIBRARIES = YES;
				INFOPLIST_FILE = testUITests/Info.plist;
				LD_RUNPATH_SEARCH_PATHS = "$(inherited) @executable_path/Frameworks @loader_path/Frameworks";
				PRODUCT_BUNDLE_IDENTIFIER = garon.testUITests;
				PRODUCT_NAME = "$(TARGET_NAME)";
				SWIFT_VERSION = 3.0;
				TEST_TARGET_NAME = test;
			};
			name = Debug;
		};
		848431F01EA9E70500501150 /* Release */ = {
			isa = XCBuildConfiguration;
			buildSettings = {
				ALWAYS_EMBED_SWIFT_STANDARD_LIBRARIES = YES;
				INFOPLIST_FILE = testUITests/Info.plist;
				LD_RUNPATH_SEARCH_PATHS = "$(inherited) @executable_path/Frameworks @loader_path/Frameworks";
				PRODUCT_BUNDLE_IDENTIFIER = garon.testUITests;
				PRODUCT_NAME = "$(TARGET_NAME)";
				SWIFT_VERSION = 3.0;
				TEST_TARGET_NAME = test;
			};
			name = Release;
		};
/* End XCBuildConfiguration section */

/* Begin XCConfigurationList section */
		848431B81EA9E70500501150 /* Build configuration list for PBXProject "test" */ = {
			isa = XCConfigurationList;
			buildConfigurations = (
				848431E61EA9E70500501150 /* Debug */,
				848431E71EA9E70500501150 /* Release */,
			);
			defaultConfigurationIsVisible = 0;
			defaultConfigurationName = Release;
		};
		848431E81EA9E70500501150 /* Build configuration list for PBXNativeTarget "test" */ = {
			isa = XCConfigurationList;
			buildConfigurations = (
				848431E91EA9E70500501150 /* Debug */,
				848431EA1EA9E70500501150 /* Release */,
			);
			defaultConfigurationIsVisible = 0;
		};
		848431EB1EA9E70500501150 /* Build configuration list for PBXNativeTarget "testTests" */ = {
			isa = XCConfigurationList;
			buildConfigurations = (
				848431EC1EA9E70500501150 /* Debug */,
				848431ED1EA9E70500501150 /* Release */,
			);
			defaultConfigurationIsVisible = 0;
		};
		848431EE1EA9E70500501150 /* Build configuration list for PBXNativeTarget "testUITests" */ = {
			isa = XCConfigurationList;
			buildConfigurations = (
				848431EF1EA9E70500501150 /* Debug */,
				848431F01EA9E70500501150 /* Release */,
			);
			defaultConfigurationIsVisible = 0;
		};
/* End XCConfigurationList section */

/* Begin XCVersionGroup section */
		848431C71EA9E70500501150 /* test.xcdatamodeld */ = {
			isa = XCVersionGroup;
			children = (
				848431C81EA9E70500501150 /* test.xcdatamodel */,
			);
			currentVersion = 848431C81EA9E70500501150 /* test.xcdatamodel */;
			path = test.xcdatamodeld;
			sourceTree = "<group>";
			versionGroupType = wrapper.xcdatamodel;
		};
/* End XCVersionGroup section */
	};
	rootObject = 848431B51EA9E70500501150 /* Project object */;
}
